# This file was autogenerated by Stack.
# You should not edit this file by hand.
# For more information, please see the documentation at:
#   https://docs.haskellstack.org/en/stable/lock_files

packages:
- completed:
    hackage: vector-fft-0.1.0.2@sha256:a40650c3cf6b92f8cc6f7007089d52eaeaa8a150be653ff50fcd911a47d5485b,1576
    pantry-tree:
      size: 316
      sha256: 701b0e8773679671a3704ffbbd4e63f4ecd1566ccfa0d64861deed4dda48c415
  original:
    hackage: vector-fft-0.1.0.2@sha256:a40650c3cf6b92f8cc6f7007089d52eaeaa8a150be653ff50fcd911a47d5485b,1576
snapshots:
- completed:
    size: 533053
    url: https://raw.githubusercontent.com/commercialhaskell/stackage-snapshots/master/lts/16/28.yaml
    sha256: a9c01d860ac8dfb3a1b6f7ec4a36dd9504a95392b89c99b0877da63fa36a8e97
  original: lts-16.28
